# THIS IS AN AUTOGENERATED FILE. DO NOT EDIT THIS FILE DIRECTLY.
# yarn lockfile v1


"@types/jquery@^3.3.0":
  version "3.3.0"
  resolved "https://registry.yarnpkg.com/@types/jquery/-/jquery-3.3.0.tgz#6316ac20a1a13c5d521a2dc661befc7184f73f5b"

"@veams/base@^1.0.1":
  version "1.0.1"
  resolved "https://registry.yarnpkg.com/@veams/base/-/base-1.0.1.tgz#2e3175d4999935a0e1c796f9cb67d0715649879a"
  dependencies:
    "@veams/helpers" "^1.2.1"
    deepmerge "^2.0.1"

"@veams/helpers@^1.2.1":
  version "1.2.1"
  resolved "https://registry.yarnpkg.com/@veams/helpers/-/helpers-1.2.1.tgz#59e1fa4745e171b431a546676c467b5f60404200"

deepmerge@^2.0.1:
  version "2.0.1"
  resolved "https://registry.yarnpkg.com/deepmerge/-/deepmerge-2.0.1.tgz#25c1c24f110fb914f80001b925264dd77f3f4312"

typescript@^2.7.1:
  version "2.7.1"
  resolved "https://registry.yarnpkg.com/typescript/-/typescript-2.7.1.tgz#bb3682c2c791ac90e7c6210b26478a8da085c359"
